
Microsoft Visual Studio Solution File, Format Version 11.00
# Visual Studio 2010
Project("{FAE04EC0-301F-11D3-BF4B-00C04F79EFBC}") = "Kippt.Mono", "Kippt.Mono.csproj", "{21FF0731-83C7-459B-A232-8D8509C4548F}"
EndProject
Global
	GlobalSection(SolutionConfigurationPlatforms) = preSolution
		Debug|Any CPU = Debug|Any CPU
		Release|Any CPU = Release|Any CPU
	EndGlobalSection
	GlobalSection(ProjectConfigurationPlatforms) = postSolution
		{21FF0731-83C7-459B-A232-8D8509C4548F}.Debug|Any CPU.ActiveCfg = Debug|Any CPU
		{21FF0731-83C7-459B-A232-8D8509C4548F}.Debug|Any CPU.Build.0 = Debug|Any CPU
		{21FF0731-83C7-459B-A232-8D8509C4548F}.Release|Any CPU.ActiveCfg = Release|Any CPU
		{21FF0731-83C7-459B-A232-8D8509C4548F}.Release|Any CPU.Build.0 = Release|Any CPU
	EndGlobalSection
	GlobalSection(MonoDevelopProperties) = preSolution
		StartupItem = Kippt.Mono.csproj
	EndGlobalSection
EndGlobal
