
Microsoft Visual Studio Solution File, Format Version 11.00
# Visual Studio 2010
Project("{FAE04EC0-301F-11D3-BF4B-00C04F79EFBC}") = "Kippt", "Kippt\Kippt.csproj", "{2D95826E-EE1F-4417-AE71-2D492F25CC6E}"
EndProject
Project("{FAE04EC0-301F-11D3-BF4B-00C04F79EFBC}") = "Kippt.Silverlight", "Kippt.Silverlight\Kippt.Silverlight.csproj", "{7424C378-5F9B-4C5A-8190-92C25A28C915}"
EndProject
Project("{FAE04EC0-301F-11D3-BF4B-00C04F79EFBC}") = "Kippt.WindowsPhone", "Kippt.WindowsPhone\Kippt.WindowsPhone.csproj", "{AB64219C-EA63-4391-A9E1-27F4C9AF830C}"
EndProject
Global
	GlobalSection(SolutionConfigurationPlatforms) = preSolution
		Debug|Any CPU = Debug|Any CPU
		Debug|Mixed Platforms = Debug|Mixed Platforms
		Debug|x86 = Debug|x86
		Release|Any CPU = Release|Any CPU
		Release|Mixed Platforms = Release|Mixed Platforms
		Release|x86 = Release|x86
	EndGlobalSection
	GlobalSection(ProjectConfigurationPlatforms) = postSolution
		{2D95826E-EE1F-4417-AE71-2D492F25CC6E}.Debug|Any CPU.ActiveCfg = Debug|Any CPU
		{2D95826E-EE1F-4417-AE71-2D492F25CC6E}.Debug|Any CPU.Build.0 = Debug|Any CPU
		{2D95826E-EE1F-4417-AE71-2D492F25CC6E}.Debug|Mixed Platforms.ActiveCfg = Debug|Any CPU
		{2D95826E-EE1F-4417-AE71-2D492F25CC6E}.Debug|Mixed Platforms.Build.0 = Debug|Any CPU
		{2D95826E-EE1F-4417-AE71-2D492F25CC6E}.Debug|x86.ActiveCfg = Debug|Any CPU
		{2D95826E-EE1F-4417-AE71-2D492F25CC6E}.Release|Any CPU.ActiveCfg = Release|Any CPU
		{2D95826E-EE1F-4417-AE71-2D492F25CC6E}.Release|Any CPU.Build.0 = Release|Any CPU
		{2D95826E-EE1F-4417-AE71-2D492F25CC6E}.Release|Mixed Platforms.ActiveCfg = Release|Any CPU
		{2D95826E-EE1F-4417-AE71-2D492F25CC6E}.Release|Mixed Platforms.Build.0 = Release|Any CPU
		{2D95826E-EE1F-4417-AE71-2D492F25CC6E}.Release|x86.ActiveCfg = Release|Any CPU
		{7424C378-5F9B-4C5A-8190-92C25A28C915}.Debug|Any CPU.ActiveCfg = Debug|Any CPU
		{7424C378-5F9B-4C5A-8190-92C25A28C915}.Debug|Any CPU.Build.0 = Debug|Any CPU
		{7424C378-5F9B-4C5A-8190-92C25A28C915}.Debug|Mixed Platforms.ActiveCfg = Debug|Any CPU
		{7424C378-5F9B-4C5A-8190-92C25A28C915}.Debug|Mixed Platforms.Build.0 = Debug|Any CPU
		{7424C378-5F9B-4C5A-8190-92C25A28C915}.Debug|x86.ActiveCfg = Debug|Any CPU
		{7424C378-5F9B-4C5A-8190-92C25A28C915}.Release|Any CPU.ActiveCfg = Release|Any CPU
		{7424C378-5F9B-4C5A-8190-92C25A28C915}.Release|Any CPU.Build.0 = Release|Any CPU
		{7424C378-5F9B-4C5A-8190-92C25A28C915}.Release|Mixed Platforms.ActiveCfg = Release|Any CPU
		{7424C378-5F9B-4C5A-8190-92C25A28C915}.Release|Mixed Platforms.Build.0 = Release|Any CPU
		{7424C378-5F9B-4C5A-8190-92C25A28C915}.Release|x86.ActiveCfg = Release|Any CPU
		{AB64219C-EA63-4391-A9E1-27F4C9AF830C}.Debug|Any CPU.ActiveCfg = Debug|Any CPU
		{AB64219C-EA63-4391-A9E1-27F4C9AF830C}.Debug|Any CPU.Build.0 = Debug|Any CPU
		{AB64219C-EA63-4391-A9E1-27F4C9AF830C}.Debug|Mixed Platforms.ActiveCfg = Debug|Any CPU
		{AB64219C-EA63-4391-A9E1-27F4C9AF830C}.Debug|Mixed Platforms.Build.0 = Debug|Any CPU
		{AB64219C-EA63-4391-A9E1-27F4C9AF830C}.Debug|x86.ActiveCfg = Debug|Any CPU
		{AB64219C-EA63-4391-A9E1-27F4C9AF830C}.Release|Any CPU.ActiveCfg = Release|Any CPU
		{AB64219C-EA63-4391-A9E1-27F4C9AF830C}.Release|Any CPU.Build.0 = Release|Any CPU
		{AB64219C-EA63-4391-A9E1-27F4C9AF830C}.Release|Mixed Platforms.ActiveCfg = Release|Any CPU
		{AB64219C-EA63-4391-A9E1-27F4C9AF830C}.Release|Mixed Platforms.Build.0 = Release|Any CPU
		{AB64219C-EA63-4391-A9E1-27F4C9AF830C}.Release|x86.ActiveCfg = Release|Any CPU
	EndGlobalSection
	GlobalSection(SolutionProperties) = preSolution
		HideSolutionNode = FALSE
	EndGlobalSection
EndGlobal
